
Microsoft Visual Studio Solution File, Format Version 12.00
# Visual Studio 2013
VisualStudioVersion = 12.0.31101.0
MinimumVisualStudioVersion = 10.0.40219.1
Project("{FAE04EC0-301F-11D3-BF4B-00C04F79EFBC}") = "Elk", "Elk\Elk.csproj", "{2FE7BC2F-0482-4499-B098-391EF28CCA21}"
EndProject
Project("{FAE04EC0-301F-11D3-BF4B-00C04F79EFBC}") = "Elk.Black", "Elk.Black\Elk.Black.csproj", "{6A86BFF2-773E-4DAB-A9A1-E087C2A534B5}"
EndProject
Project("{FAE04EC0-301F-11D3-BF4B-00C04F79EFBC}") = "Elk.Tests", "Elk.Tests\Elk.Tests.csproj", "{944BFC7E-6819-4E5A-8A2F-526682EA9697}"
EndProject
Project("{2150E333-8FDC-42A3-9474-1A3956D46DE8}") = "Solution Items", "Solution Items", "{AB29ABE4-583D-47AD-83A6-324C4F56EF66}"
	ProjectSection(SolutionItems) = preProject
		readme.md = readme.md
	EndProjectSection
EndProject
Global
	GlobalSection(SolutionConfigurationPlatforms) = preSolution
		Debug|Any CPU = Debug|Any CPU
		Release|Any CPU = Release|Any CPU
	EndGlobalSection
	GlobalSection(ProjectConfigurationPlatforms) = postSolution
		{2FE7BC2F-0482-4499-B098-391EF28CCA21}.Debug|Any CPU.ActiveCfg = Debug|Any CPU
		{2FE7BC2F-0482-4499-B098-391EF28CCA21}.Debug|Any CPU.Build.0 = Debug|Any CPU
		{2FE7BC2F-0482-4499-B098-391EF28CCA21}.Release|Any CPU.ActiveCfg = Release|Any CPU
		{2FE7BC2F-0482-4499-B098-391EF28CCA21}.Release|Any CPU.Build.0 = Release|Any CPU
		{6A86BFF2-773E-4DAB-A9A1-E087C2A534B5}.Debug|Any CPU.ActiveCfg = Debug|Any CPU
		{6A86BFF2-773E-4DAB-A9A1-E087C2A534B5}.Debug|Any CPU.Build.0 = Debug|Any CPU
		{6A86BFF2-773E-4DAB-A9A1-E087C2A534B5}.Release|Any CPU.ActiveCfg = Release|Any CPU
		{6A86BFF2-773E-4DAB-A9A1-E087C2A534B5}.Release|Any CPU.Build.0 = Release|Any CPU
		{944BFC7E-6819-4E5A-8A2F-526682EA9697}.Debug|Any CPU.ActiveCfg = Debug|Any CPU
		{944BFC7E-6819-4E5A-8A2F-526682EA9697}.Debug|Any CPU.Build.0 = Debug|Any CPU
		{944BFC7E-6819-4E5A-8A2F-526682EA9697}.Release|Any CPU.ActiveCfg = Release|Any CPU
		{944BFC7E-6819-4E5A-8A2F-526682EA9697}.Release|Any CPU.Build.0 = Release|Any CPU
	EndGlobalSection
	GlobalSection(SolutionProperties) = preSolution
		HideSolutionNode = FALSE
	EndGlobalSection
EndGlobal
